github.com/gin-gonic/gin v1.10.0/go.mod h1:4PMNQiOhvDRa013RKVbsiNwoyezlm2rm0uX/T7kzp5Y=
github.com/why19970628/go-guardian/metrics v0.1.0/go.mod h1:/bWW2WdDD/+SsGlo0VhlIobuJABGwu0M2MEbnjZi4bQ=
github.com/why19970628/go-guardian/ratelimit v0.1.0/go.mod h1:lf35rKlfLI/sP+pBiVJfHl9d/tx+RsezDspLsFuRKFE=
github.com/why19970628/go-guardian/trace v0.1.0/go.mod h1:edAfkrVmYunqqbtO7q5dAIjNyFRbcjMfkyfbnqyGIek=
